
Microsoft Visual Studio Solution File, Format Version 12.00
# Visual Studio Version 17
VisualStudioVersion = 17.2.32526.322
MinimumVisualStudioVersion = 10.0.40219.1
Project("{FAE04EC0-301F-11D3-BF4B-00C04F79EFBC}") = "Activida2", "Activida2\Activida2.csproj", "{5DA999B3-F3BA-42E2-AD76-A92CCCEB3736}"
EndProject
Global
	GlobalSection(SolutionConfigurationPlatforms) = preSolution
		Debug|Any CPU = Debug|Any CPU
		Release|Any CPU = Release|Any CPU
	EndGlobalSection
	GlobalSection(ProjectConfigurationPlatforms) = postSolution
		{5DA999B3-F3BA-42E2-AD76-A92CCCEB3736}.Debug|Any CPU.ActiveCfg = Debug|Any CPU
		{5DA999B3-F3BA-42E2-AD76-A92CCCEB3736}.Debug|Any CPU.Build.0 = Debug|Any CPU
		{5DA999B3-F3BA-42E2-AD76-A92CCCEB3736}.Release|Any CPU.ActiveCfg = Release|Any CPU
		{5DA999B3-F3BA-42E2-AD76-A92CCCEB3736}.Release|Any CPU.Build.0 = Release|Any CPU
	EndGlobalSection
	GlobalSection(SolutionProperties) = preSolution
		HideSolutionNode = FALSE
	EndGlobalSection
	GlobalSection(ExtensibilityGlobals) = postSolution
		SolutionGuid = {B1493602-A072-438B-B8D5-4C3FD7361E47}
	EndGlobalSection
EndGlobal
