
Microsoft Visual Studio Solution File, Format Version 12.00
# Visual Studio Version 17
VisualStudioVersion = 17.2.32526.322
MinimumVisualStudioVersion = 10.0.40219.1
Project("{FAE04EC0-301F-11D3-BF4B-00C04F79EFBC}") = "EjemploClase2.1", "EjemploClase2.1\EjemploClase2.1.csproj", "{8BE901E5-3B85-4883-B7E3-A0F1697B1C59}"
EndProject
Global
	GlobalSection(SolutionConfigurationPlatforms) = preSolution
		Debug|Any CPU = Debug|Any CPU
		Release|Any CPU = Release|Any CPU
	EndGlobalSection
	GlobalSection(ProjectConfigurationPlatforms) = postSolution
		{8BE901E5-3B85-4883-B7E3-A0F1697B1C59}.Debug|Any CPU.ActiveCfg = Debug|Any CPU
		{8BE901E5-3B85-4883-B7E3-A0F1697B1C59}.Debug|Any CPU.Build.0 = Debug|Any CPU
		{8BE901E5-3B85-4883-B7E3-A0F1697B1C59}.Release|Any CPU.ActiveCfg = Release|Any CPU
		{8BE901E5-3B85-4883-B7E3-A0F1697B1C59}.Release|Any CPU.Build.0 = Release|Any CPU
	EndGlobalSection
	GlobalSection(SolutionProperties) = preSolution
		HideSolutionNode = FALSE
	EndGlobalSection
	GlobalSection(ExtensibilityGlobals) = postSolution
		SolutionGuid = {9FF791B6-DF08-4C62-A9ED-CDE41E6F08CF}
	EndGlobalSection
EndGlobal
