
Microsoft Visual Studio Solution File, Format Version 12.00
# Visual Studio Version 17
VisualStudioVersion = 17.4.33122.133
MinimumVisualStudioVersion = 10.0.40219.1
Project("{FAE04EC0-301F-11D3-BF4B-00C04F79EFBC}") = "Ejemplo5", "Ejemplo5\Ejemplo5.csproj", "{6969EAAF-FD51-4382-92FD-587CCF560E08}"
EndProject
Global
	GlobalSection(SolutionConfigurationPlatforms) = preSolution
		Debug|Any CPU = Debug|Any CPU
		Release|Any CPU = Release|Any CPU
	EndGlobalSection
	GlobalSection(ProjectConfigurationPlatforms) = postSolution
		{6969EAAF-FD51-4382-92FD-587CCF560E08}.Debug|Any CPU.ActiveCfg = Debug|Any CPU
		{6969EAAF-FD51-4382-92FD-587CCF560E08}.Debug|Any CPU.Build.0 = Debug|Any CPU
		{6969EAAF-FD51-4382-92FD-587CCF560E08}.Release|Any CPU.ActiveCfg = Release|Any CPU
		{6969EAAF-FD51-4382-92FD-587CCF560E08}.Release|Any CPU.Build.0 = Release|Any CPU
	EndGlobalSection
	GlobalSection(SolutionProperties) = preSolution
		HideSolutionNode = FALSE
	EndGlobalSection
	GlobalSection(ExtensibilityGlobals) = postSolution
		SolutionGuid = {25FD122E-DBB3-49E3-B917-EEC6C64792BA}
	EndGlobalSection
EndGlobal
